
Microsoft Visual Studio Solution File, Format Version 12.00
# Visual Studio Express 2013 for Web
VisualStudioVersion = 12.0.30723.0
MinimumVisualStudioVersion = 10.0.40219.1
Project("{FAE04EC0-301F-11D3-BF4B-00C04F79EFBC}") = "WebApp", "WebApp\WebApp.csproj", "{F2298C7A-7C3E-44D2-BD55-40D125F5E5F2}"
EndProject
Global
	GlobalSection(SolutionConfigurationPlatforms) = preSolution
		Debug|Any CPU = Debug|Any CPU
		Release|Any CPU = Release|Any CPU
	EndGlobalSection
	GlobalSection(ProjectConfigurationPlatforms) = postSolution
		{F2298C7A-7C3E-44D2-BD55-40D125F5E5F2}.Debug|Any CPU.ActiveCfg = Debug|Any CPU
		{F2298C7A-7C3E-44D2-BD55-40D125F5E5F2}.Debug|Any CPU.Build.0 = Debug|Any CPU
		{F2298C7A-7C3E-44D2-BD55-40D125F5E5F2}.Release|Any CPU.ActiveCfg = Release|Any CPU
		{F2298C7A-7C3E-44D2-BD55-40D125F5E5F2}.Release|Any CPU.Build.0 = Release|Any CPU
	EndGlobalSection
	GlobalSection(SolutionProperties) = preSolution
		HideSolutionNode = FALSE
	EndGlobalSection
EndGlobal
